<?xml version="1.0" encoding="utf-8"?>
<Project ToolsVersion="4.0" xmlns="http://schemas.microsoft.com/developer/msbuild/2003">
  <ItemGroup>
    <Filter Include="Source Files">
      <UniqueIdentifier>{4FC737F1-C7A5-4376-A066-2A32D752A2FF}</UniqueIdentifier>
      <Extensions>cpp;c;cc;cxx;c++;cppm;ixx;def;odl;idl;hpj;bat;asm;asmx</Extensions>
    </Filter>
    <Filter Include="Header Files">
      <UniqueIdentifier>{93995380-89BD-4b04-88EB-625FBE52EBFB}</UniqueIdentifier>
      <Extensions>h;hh;hpp;hxx;h++;hm;inl;inc;ipp;xsd</Extensions>
    </Filter>
    <Filter Include="Resource Files">
      <UniqueIdentifier>{67DA6AB6-F800-4c08-8B7A-83BB121AAD01}</UniqueIdentifier>
      <Extensions>rc;ico;cur;bmp;dlg;rc2;rct;bin;rgs;gif;jpg;jpeg;jpe;resx;tiff;tif;png;wav;mfcribbon-ms</Extensions>
    </Filter>
    <Filter Include="Source Files\mixer">
      <UniqueIdentifier>{6459e6be-e17a-463b-ab75-ed42b2ccaae3}</UniqueIdentifier>
    </Filter>
    <Filter Include="Source Files\mixer\addons">
      <UniqueIdentifier>{ea8d31e9-a53f-44bf-b2d8-261354bd994b}</UniqueIdentifier>
    </Filter>
    <Filter Include="Source Files\core">
      <UniqueIdentifier>{6de23b01-3659-459d-80fc-a1cc17195e69}</UniqueIdentifier>
    </Filter>
  </ItemGroup>
  <ItemGroup>
    <ClInclude Include="mixer\mixer.h">
      <Filter>Source Files\mixer</Filter>
    </ClInclude>
    <ClInclude Include="mixer\wav_filters.h">
      <Filter>Source Files\mixer</Filter>
    </ClInclude>
    <ClInclude Include="mixer\wav_resample.h">
      <Filter>Source Files\mixer</Filter>
    </ClInclude>
    <ClInclude Include="mixer\wav_file.h">
      <Filter>Source Files\mixer</Filter>
    </ClInclude>
    <ClInclude Include="mixer\XAudio2Stream.h">
      <Filter>Source Files\mixer</Filter>
    </ClInclude>
    <ClInclude Include="mixer\dbvolume.h">
      <Filter>Source Files\mixer</Filter>
    </ClInclude>
    <ClInclude Include="mixer\error_wav.h">
      <Filter>Source Files\mixer</Filter>
    </ClInclude>
    <ClInclude Include="mixer\stb_vorbis.h">
      <Filter>Source Files\mixer\addons</Filter>
    </ClInclude>
    <ClInclude Include="mixer\stb.h">
      <Filter>Source Files\mixer\addons</Filter>
    </ClInclude>
    <ClInclude Include="mixer\minimp3_ex.h">
      <Filter>Source Files\mixer\addons</Filter>
    </ClInclude>
    <ClInclude Include="mixer\minimp3.h">
      <Filter>Source Files\mixer\addons</Filter>
    </ClInclude>
    <ClInclude Include="framework.h">
      <Filter>Source Files</Filter>
    </ClInclude>
    <ClInclude Include="core\fileio.h">
      <Filter>Source Files\core</Filter>
    </ClInclude>
    <ClInclude Include="core\glew.h">
      <Filter>Source Files\core</Filter>
    </ClInclude>
    <ClInclude Include="core\ini.h">
      <Filter>Source Files\core</Filter>
    </ClInclude>
    <ClInclude Include="core\log.h">
      <Filter>Source Files\core</Filter>
    </ClInclude>
    <ClInclude Include="core\miniz.h">
      <Filter>Source Files\core</Filter>
    </ClInclude>
    <ClInclude Include="core\mmtimer.h">
      <Filter>Source Files\core</Filter>
    </ClInclude>
    <ClInclude Include="core\path_helper.h">
      <Filter>Source Files\core</Filter>
    </ClInclude>
    <ClInclude Include="core\rawinput.h">
      <Filter>Source Files\core</Filter>
    </ClInclude>
    <ClInclude Include="core\utf8conv.h">
      <Filter>Source Files\core</Filter>
    </ClInclude>
    <ClInclude Include="core\wglew.h">
      <Filter>Source Files\core</Filter>
    </ClInclude>
    <ClInclude Include="core\winfont.h">
      <Filter>Source Files\core</Filter>
    </ClInclude>
    <ClInclude Include="mixer\helper_functions.h">
      <Filter>Source Files\mixer</Filter>
    </ClInclude>
  </ItemGroup>
  <ItemGroup>
    <ClCompile Include="mixer\wav_filters.cpp">
      <Filter>Source Files\mixer</Filter>
    </ClCompile>
    <ClCompile Include="mixer\wav_resample.cpp">
      <Filter>Source Files\mixer</Filter>
    </ClCompile>
    <ClCompile Include="mixer\wav_file.cpp">
      <Filter>Source Files\mixer</Filter>
    </ClCompile>
    <ClCompile Include="mixer\XAudio2Stream.cpp">
      <Filter>Source Files\mixer</Filter>
    </ClCompile>
    <ClCompile Include="mixer\mixer.cpp">
      <Filter>Source Files\mixer</Filter>
    </ClCompile>
    <ClCompile Include="mixer\stb_vorbis.c">
      <Filter>Source Files\mixer\addons</Filter>
    </ClCompile>
    <ClCompile Include="winmain.cpp">
      <Filter>Source Files</Filter>
    </ClCompile>
    <ClCompile Include="core\fileio.cpp">
      <Filter>Source Files\core</Filter>
    </ClCompile>
    <ClCompile Include="core\glew.c">
      <Filter>Source Files\core</Filter>
    </ClCompile>
    <ClCompile Include="core\ini.cpp">
      <Filter>Source Files\core</Filter>
    </ClCompile>
    <ClCompile Include="core\log.cpp">
      <Filter>Source Files\core</Filter>
    </ClCompile>
    <ClCompile Include="core\miniz.c">
      <Filter>Source Files\core</Filter>
    </ClCompile>
    <ClCompile Include="core\mmtimer.cpp">
      <Filter>Source Files\core</Filter>
    </ClCompile>
    <ClCompile Include="core\path_helper.cpp">
      <Filter>Source Files\core</Filter>
    </ClCompile>
    <ClCompile Include="core\rawinput.cpp">
      <Filter>Source Files\core</Filter>
    </ClCompile>
    <ClCompile Include="core\winfont.cpp">
      <Filter>Source Files\core</Filter>
    </ClCompile>
    <ClCompile Include="mixer\helper_functions.cpp">
      <Filter>Source Files\mixer</Filter>
    </ClCompile>
  </ItemGroup>
  <ItemGroup>
    <None Include="packages.config" />
    <None Include="..\README.md">
      <Filter>Source Files</Filter>
    </None>
  </ItemGroup>
</Project>